// !$*UTF8*$!
{
	archiveVersion = 1;
	classes = {
	};
	objectVersion = 46;
	objects = {

/* Begin PBXBuildFile section */
		E2EA45AA1A96215500C8406E /* main.m in Sources */ = {isa = PBXBuildFile; fileRef = E2EA45A91A96215500C8406E /* main.m */; };
		E2EA45AD1A96215500C8406E /* AppDelegate.m in Sources */ = {isa = PBXBuildFile; fileRef = E2EA45AC1A96215500C8406E /* AppDelegate.m */; };
		E2EA45B01A96215500C8406E /* ViewController.m in Sources */ = {isa = PBXBuildFile; fileRef = E2EA45AF1A96215500C8406E /* ViewController.m */; };
		E2EA45B31A96215500C8406E /* Main.storyboard in Resources */ = {isa = PBXBuildFile; fileRef = E2EA45B11A96215500C8406E /* Main.storyboard */; };
		E2EA45B51A96215500C8406E /* Images.xcassets in Resources */ = {isa = PBXBuildFile; fileRef = E2EA45B41A96215500C8406E /* Images.xcassets */; };
		E2EA45B81A96215500C8406E /* LaunchScreen.xib in Resources */ = {isa = PBXBuildFile; fileRef = E2EA45B61A96215500C8406E /* LaunchScreen.xib */; };
		E2EA45C41A96215500C8406E /* HAProjectTests.m in Sources */ = {isa = PBXBuildFile; fileRef = E2EA45C31A96215500C8406E /* HAProjectTests.m */; };
/* End PBXBuildFile section */

/* Begin PBXContainerItemProxy section */
		E2EA45BE1A96215500C8406E /* PBXContainerItemProxy */ = {
			isa = PBXContainerItemProxy;
			containerPortal = E2EA459C1A96215500C8406E /* Project object */;
			proxyType = 1;
			remoteGlobalIDString = E2EA45A31A96215500C8406E;
			remoteInfo = HAProject;
		};
/* End PBXContainerItemProxy section */

/* Begin PBXFileReference section */
		E2EA45A41A96215500C8406E /* HAProject.app */ = {isa = PBXFileReference; explicitFileType = wrapper.application; includeInIndex = 0; path = HAProject.app; sourceTree = BUILT_PRODUCTS_DIR; };
		E2EA45A81A96215500C8406E /* Info.plist */ = {isa = PBXFileReference; lastKnownFileType = text.plist.xml; path = Info.plist; sourceTree = "<group>"; };
		E2EA45A91A96215500C8406E /* main.m */ = {isa = PBXFileReference; lastKnownFileType = sourcecode.c.objc; path = main.m; sourceTree = "<group>"; };
		E2EA45AB1A96215500C8406E /* AppDelegate.h */ = {isa = PBXFileReference; lastKnownFileType = sourcecode.c.h; path = AppDelegate.h; sourceTree = "<group>"; };
		E2EA45AC1A96215500C8406E /* AppDelegate.m */ = {isa = PBXFileReference; lastKnownFileType = sourcecode.c.objc; path = AppDelegate.m; sourceTree = "<group>"; };
		E2EA45AE1A96215500C8406E /* ViewController.h */ = {isa = PBXFileReference; lastKnownFileType = sourcecode.c.h; path = ViewController.h; sourceTree = "<group>"; };
		E2EA45AF1A96215500C8406E /* ViewController.m */ = {isa = PBXFileReference; lastKnownFileType = sourcecode.c.objc; path = ViewController.m; sourceTree = "<group>"; };
		E2EA45B21A96215500C8406E /* Base */ = {isa = PBXFileReference; lastKnownFileType = file.storyboard; name = Base; path = Base.lproj/Main.storyboard; sourceTree = "<group>"; };
		E2EA45B41A96215500C8406E /* Images.xcassets */ = {isa = PBXFileReference; lastKnownFileType = folder.assetcatalog; path = Images.xcassets; sourceTree = "<group>"; };
		E2EA45B71A96215500C8406E /* Base */ = {isa = PBXFileReference; lastKnownFileType = file.xib; name = Base; path = Base.lproj/LaunchScreen.xib; sourceTree = "<group>"; };
		E2EA45BD1A96215500C8406E /* HAProjectTests.xctest */ = {isa = PBXFileReference; explicitFileType = wrapper.cfbundle; includeInIndex = 0; path = HAProjectTests.xctest; sourceTree = BUILT_PRODUCTS_DIR; };
		E2EA45C21A96215500C8406E /* Info.plist */ = {isa = PBXFileReference; lastKnownFileType = text.plist.xml; path = Info.plist; sourceTree = "<group>"; };
		E2EA45C31A96215500C8406E /* HAProjectTests.m */ = {isa = PBXFileReference; lastKnownFileType = sourcecode.c.objc; path = HAProjectTests.m; sourceTree = "<group>"; };
/* End PBXFileReference section */

/* Begin PBXFrameworksBuildPhase section */
		E2EA45A11A96215500C8406E /* Frameworks */ = {
			isa = PBXFrameworksBuildPhase;
			buildActionMask = 2147483647;
			files = (
			);
			runOnlyForDeploymentPostprocessing = 0;
		};
		E2EA45BA1A96215500C8406E /* Frameworks */ = {
			isa = PBXFrameworksBuildPhase;
			buildActionMask = 2147483647;
			files = (
			);
			runOnlyForDeploymentPostprocessing = 0;
		};
/* End PBXFrameworksBuildPhase section */

/* Begin PBXGroup section */
		E2EA459B1A96215500C8406E = {
			isa = PBXGroup;
			children = (
				E2EA45A61A96215500C8406E /* HAProject */,
				E2EA45C01A96215500C8406E /* HAProjectTests */,
				E2EA45A51A96215500C8406E /* Products */,
			);
			sourceTree = "<group>";
		};
		E2EA45A51A96215500C8406E /* Products */ = {
			isa = PBXGroup;
			children = (
				E2EA45A41A96215500C8406E /* HAProject.app */,
				E2EA45BD1A96215500C8406E /* HAProjectTests.xctest */,
			);
			name = Products;
			sourceTree = "<group>";
		};
		E2EA45A61A96215500C8406E /* HAProject */ = {
			isa = PBXGroup;
			children = (
				E2EA45AB1A96215500C8406E /* AppDelegate.h */,
				E2EA45AC1A96215500C8406E /* AppDelegate.m */,
				E2EA45AE1A96215500C8406E /* ViewController.h */,
				E2EA45AF1A96215500C8406E /* ViewController.m */,
				E2EA45B11A96215500C8406E /* Main.storyboard */,
				E2EA45B41A96215500C8406E /* Images.xcassets */,
				E2EA45B61A96215500C8406E /* LaunchScreen.xib */,
				E2EA45A71A96215500C8406E /* Supporting Files */,
			);
			path = HAProject;
			sourceTree = "<group>";
		};
		E2EA45A71A96215500C8406E /* Supporting Files */ = {
			isa = PBXGroup;
			children = (
				E2EA45A81A96215500C8406E /* Info.plist */,
				E2EA45A91A96215500C8406E /* main.m */,
			);
			name = "Supporting Files";
			sourceTree = "<group>";
		};
		E2EA45C01A96215500C8406E /* HAProjectTests */ = {
			isa = PBXGroup;
			children = (
				E2EA45C31A96215500C8406E /* HAProjectTests.m */,
				E2EA45C11A96215500C8406E /* Supporting Files */,
			);
			path = HAProjectTests;
			sourceTree = "<group>";
		};
		E2EA45C11A96215500C8406E /* Supporting Files */ = {
			isa = PBXGroup;
			children = (
				E2EA45C21A96215500C8406E /* Info.plist */,
			);
			name = "Supporting Files";
			sourceTree = "<group>";
		};
/* End PBXGroup section */

/* Begin PBXNativeTarget section */
		E2EA45A31A96215500C8406E /* HAProject */ = {
			isa = PBXNativeTarget;
			buildConfigurationList = E2EA45C71A96215500C8406E /* Build configuration list for PBXNativeTarget "HAProject" */;
			buildPhases = (
				E2EA45A01A96215500C8406E /* Sources */,
				E2EA45A11A96215500C8406E /* Frameworks */,
				E2EA45A21A96215500C8406E /* Resources */,
			);
			buildRules = (
			);
			dependencies = (
			);
			name = HAProject;
			productName = HAProject;
			productReference = E2EA45A41A96215500C8406E /* HAProject.app */;
			productType = "com.apple.product-type.application";
		};
		E2EA45BC1A96215500C8406E /* HAProjectTests */ = {
			isa = PBXNativeTarget;
			buildConfigurationList = E2EA45CA1A96215500C8406E /* Build configuration list for PBXNativeTarget "HAProjectTests" */;
			buildPhases = (
				E2EA45B91A96215500C8406E /* Sources */,
				E2EA45BA1A96215500C8406E /* Frameworks */,
				E2EA45BB1A96215500C8406E /* Resources */,
			);
			buildRules = (
			);
			dependencies = (
				E2EA45BF1A96215500C8406E /* PBXTargetDependency */,
			);
			name = HAProjectTests;
			productName = HAProjectTests;
			productReference = E2EA45BD1A96215500C8406E /* HAProjectTests.xctest */;
			productType = "com.apple.product-type.bundle.unit-test";
		};
/* End PBXNativeTarget section */

/* Begin PBXProject section */
		E2EA459C1A96215500C8406E /* Project object */ = {
			isa = PBXProject;
			attributes = {
				LastUpgradeCheck = 0610;
				ORGANIZATIONNAME = "Vasiliy Zhuk";
				TargetAttributes = {
					E2EA45A31A96215500C8406E = {
						CreatedOnToolsVersion = 6.1.1;
					};
					E2EA45BC1A96215500C8406E = {
						CreatedOnToolsVersion = 6.1.1;
						TestTargetID = E2EA45A31A96215500C8406E;
					};
				};
			};
			buildConfigurationList = E2EA459F1A96215500C8406E /* Build configuration list for PBXProject "HAProject" */;
			compatibilityVersion = "Xcode 3.2";
			developmentRegion = English;
			hasScannedForEncodings = 0;
			knownRegions = (
				en,
				Base,
			);
			mainGroup = E2EA459B1A96215500C8406E;
			productRefGroup = E2EA45A51A96215500C8406E /* Products */;
			projectDirPath = "";
			projectRoot = "";
			targets = (
				E2EA45A31A96215500C8406E /* HAProject */,
				E2EA45BC1A96215500C8406E /* HAProjectTests */,
			);
		};
/* End PBXProject section */

/* Begin PBXResourcesBuildPhase section */
		E2EA45A21A96215500C8406E /* Resources */ = {
			isa = PBXResourcesBuildPhase;
			buildActionMask = 2147483647;
			files = (
				E2EA45B31A96215500C8406E /* Main.storyboard in Resources */,
				E2EA45B81A96215500C8406E /* LaunchScreen.xib in Resources */,
				E2EA45B51A96215500C8406E /* Images.xcassets in Resources */,
			);
			runOnlyForDeploymentPostprocessing = 0;
		};
		E2EA45BB1A96215500C8406E /* Resources */ = {
			isa = PBXResourcesBuildPhase;
			buildActionMask = 2147483647;
			files = (
			);
			runOnlyForDeploymentPostprocessing = 0;
		};
/* End PBXResourcesBuildPhase section */

/* Begin PBXSourcesBuildPhase section */
		E2EA45A01A96215500C8406E /* Sources */ = {
			isa = PBXSourcesBuildPhase;
			buildActionMask = 2147483647;
			files = (
				E2EA45B01A96215500C8406E /* ViewController.m in Sources */,
				E2EA45AD1A96215500C8406E /* AppDelegate.m in Sources */,
				E2EA45AA1A96215500C8406E /* main.m in Sources */,
			);
			runOnlyForDeploymentPostprocessing = 0;
		};
		E2EA45B91A96215500C8406E /* Sources */ = {
			isa = PBXSourcesBuildPhase;
			buildActionMask = 2147483647;
			files = (
				E2EA45C41A96215500C8406E /* HAProjectTests.m in Sources */,
			);
			runOnlyForDeploymentPostprocessing = 0;
		};
/* End PBXSourcesBuildPhase section */

/* Begin PBXTargetDependency section */
		E2EA45BF1A96215500C8406E /* PBXTargetDependency */ = {
			isa = PBXTargetDependency;
			target = E2EA45A31A96215500C8406E /* HAProject */;
			targetProxy = E2EA45BE1A96215500C8406E /* PBXContainerItemProxy */;
		};
/* End PBXTargetDependency section */

/* Begin PBXVariantGroup section */
		E2EA45B11A96215500C8406E /* Main.storyboard */ = {
			isa = PBXVariantGroup;
			children = (
				E2EA45B21A96215500C8406E /* Base */,
			);
			name = Main.storyboard;
			sourceTree = "<group>";
		};
		E2EA45B61A96215500C8406E /* LaunchScreen.xib */ = {
			isa = PBXVariantGroup;
			children = (
				E2EA45B71A96215500C8406E /* Base */,
			);
			name = LaunchScreen.xib;
			sourceTree = "<group>";
		};
/* End PBXVariantGroup section */

/* Begin XCBuildConfiguration section */
		E2EA45C51A96215500C8406E /* Debug */ = {
			isa = XCBuildConfiguration;
			buildSettings = {
				ALWAYS_SEARCH_USER_PATHS = NO;
				CLANG_CXX_LANGUAGE_STANDARD = "gnu++0x";
				CLANG_CXX_LIBRARY = "libc++";
				CLANG_ENABLE_MODULES = YES;
				CLANG_ENABLE_OBJC_ARC = YES;
				CLANG_WARN_BOOL_CONVERSION = YES;
				CLANG_WARN_CONSTANT_CONVERSION = YES;
				CLANG_WARN_DIRECT_OBJC_ISA_USAGE = YES_ERROR;
				CLANG_WARN_EMPTY_BODY = YES;
				CLANG_WARN_ENUM_CONVERSION = YES;
				CLANG_WARN_INT_CONVERSION = YES;
				CLANG_WARN_OBJC_ROOT_CLASS = YES_ERROR;
				CLANG_WARN_UNREACHABLE_CODE = YES;
				CLANG_WARN__DUPLICATE_METHOD_MATCH = YES;
				"CODE_SIGN_IDENTITY[sdk=iphoneos*]" = "iPhone Developer";
				COPY_PHASE_STRIP = NO;
				ENABLE_STRICT_OBJC_MSGSEND = YES;
				GCC_C_LANGUAGE_STANDARD = gnu99;
				GCC_DYNAMIC_NO_PIC = NO;
				GCC_OPTIMIZATION_LEVEL = 0;
				GCC_PREPROCESSOR_DEFINITIONS = (
					"DEBUG=1",
					"$(inherited)",
				);
				GCC_SYMBOLS_PRIVATE_EXTERN = NO;
				GCC_WARN_64_TO_32_BIT_CONVERSION = YES;
				GCC_WARN_ABOUT_RETURN_TYPE = YES_ERROR;
				GCC_WARN_UNDECLARED_SELECTOR = YES;
				GCC_WARN_UNINITIALIZED_AUTOS = YES_AGGRESSIVE;
				GCC_WARN_UNUSED_FUNCTION = YES;
				GCC_WARN_UNUSED_VARIABLE = YES;
				IPHONEOS_DEPLOYMENT_TARGET = 8.1;
				MTL_ENABLE_DEBUG_INFO = YES;
				ONLY_ACTIVE_ARCH = YES;
				SDKROOT = iphoneos;
				TARGETED_DEVICE_FAMILY = "1,2";
			};
			name = Debug;
		};
		E2EA45C61A96215500C8406E /* Release */ = {
			isa = XCBuildConfiguration;
			buildSettings = {
				ALWAYS_SEARCH_USER_PATHS = NO;
				CLANG_CXX_LANGUAGE_STANDARD = "gnu++0x";
				CLANG_CXX_LIBRARY = "libc++";
				CLANG_ENABLE_MODULES = YES;
				CLANG_ENABLE_OBJC_ARC = YES;
				CLANG_WARN_BOOL_CONVERSION = YES;
				CLANG_WARN_CONSTANT_CONVERSION = YES;
				CLANG_WARN_DIRECT_OBJC_ISA_USAGE = YES_ERROR;
				CLANG_WARN_EMPTY_BODY = YES;
				CLANG_WARN_ENUM_CONVERSION = YES;
				CLANG_WARN_INT_CONVERSION = YES;
				CLANG_WARN_OBJC_ROOT_CLASS = YES_ERROR;
				CLANG_WARN_UNREACHABLE_CODE = YES;
				CLANG_WARN__DUPLICATE_METHOD_MATCH = YES;
				"CODE_SIGN_IDENTITY[sdk=iphoneos*]" = "iPhone Developer";
				COPY_PHASE_STRIP = YES;
				ENABLE_NS_ASSERTIONS = NO;
				ENABLE_STRICT_OBJC_MSGSEND = YES;
				GCC_C_LANGUAGE_STANDARD = gnu99;
				GCC_WARN_64_TO_32_BIT_CONVERSION = YES;
				GCC_WARN_ABOUT_RETURN_TYPE = YES_ERROR;
				GCC_WARN_UNDECLARED_SELECTOR = YES;
				GCC_WARN_UNINITIALIZED_AUTOS = YES_AGGRESSIVE;
				GCC_WARN_UNUSED_FUNCTION = YES;
				GCC_WARN_UNUSED_VARIABLE = YES;
				IPHONEOS_DEPLOYMENT_TARGET = 8.1;
				MTL_ENABLE_DEBUG_INFO = NO;
				SDKROOT = iphoneos;
				TARGETED_DEVICE_FAMILY = "1,2";
				VALIDATE_PRODUCT = YES;
			};
			name = Release;
		};
		E2EA45C81A96215500C8406E /* Debug */ = {
			isa = XCBuildConfiguration;
			buildSettings = {
				ASSETCATALOG_COMPILER_APPICON_NAME = AppIcon;
				INFOPLIST_FILE = HAProject/Info.plist;
				LD_RUNPATH_SEARCH_PATHS = "$(inherited) @executable_path/Frameworks";
				PRODUCT_NAME = "$(TARGET_NAME)";
			};
			name = Debug;
		};
		E2EA45C91A96215500C8406E /* Release */ = {
			isa = XCBuildConfiguration;
			buildSettings = {
				ASSETCATALOG_COMPILER_APPICON_NAME = AppIcon;
				INFOPLIST_FILE = HAProject/Info.plist;
				LD_RUNPATH_SEARCH_PATHS = "$(inherited) @executable_path/Frameworks";
				PRODUCT_NAME = "$(TARGET_NAME)";
			};
			name = Release;
		};
		E2EA45CB1A96215500C8406E /* Debug */ = {
			isa = XCBuildConfiguration;
			buildSettings = {
				BUNDLE_LOADER = "$(TEST_HOST)";
				FRAMEWORK_SEARCH_PATHS = (
					"$(SDKROOT)/Developer/Library/Frameworks",
					"$(inherited)",
				);
				GCC_PREPROCESSOR_DEFINITIONS = (
					"DEBUG=1",
					"$(inherited)",
				);
				INFOPLIST_FILE = HAProjectTests/Info.plist;
				LD_RUNPATH_SEARCH_PATHS = "$(inherited) @executable_path/Frameworks @loader_path/Frameworks";
				PRODUCT_NAME = "$(TARGET_NAME)";
				TEST_HOST = "$(BUILT_PRODUCTS_DIR)/HAProject.app/HAProject";
			};
			name = Debug;
		};
		E2EA45CC1A96215500C8406E /* Release */ = {
			isa = XCBuildConfiguration;
			buildSettings = {
				BUNDLE_LOADER = "$(TEST_HOST)";
				FRAMEWORK_SEARCH_PATHS = (
					"$(SDKROOT)/Developer/Library/Frameworks",
					"$(inherited)",
				);
				INFOPLIST_FILE = HAProjectTests/Info.plist;
				LD_RUNPATH_SEARCH_PATHS = "$(inherited) @executable_path/Frameworks @loader_path/Frameworks";
				PRODUCT_NAME = "$(TARGET_NAME)";
				TEST_HOST = "$(BUILT_PRODUCTS_DIR)/HAProject.app/HAProject";
			};
			name = Release;
		};
/* End XCBuildConfiguration section */

/* Begin XCConfigurationList section */
		E2EA459F1A96215500C8406E /* Build configuration list for PBXProject "HAProject" */ = {
			isa = XCConfigurationList;
			buildConfigurations = (
				E2EA45C51A96215500C8406E /* Debug */,
				E2EA45C61A96215500C8406E /* Release */,
			);
			defaultConfigurationIsVisible = 0;
			defaultConfigurationName = Release;
		};
		E2EA45C71A96215500C8406E /* Build configuration list for PBXNativeTarget "HAProject" */ = {
			isa = XCConfigurationList;
			buildConfigurations = (
				E2EA45C81A96215500C8406E /* Debug */,
				E2EA45C91A96215500C8406E /* Release */,
			);
			defaultConfigurationIsVisible = 0;
		};
		E2EA45CA1A96215500C8406E /* Build configuration list for PBXNativeTarget "HAProjectTests" */ = {
			isa = XCConfigurationList;
			buildConfigurations = (
				E2EA45CB1A96215500C8406E /* Debug */,
				E2EA45CC1A96215500C8406E /* Release */,
			);
			defaultConfigurationIsVisible = 0;
		};
/* End XCConfigurationList section */
	};
	rootObject = E2EA459C1A96215500C8406E /* Project object */;
}
